// !$*UTF8*$!
{
	archiveVersion = 1;
	classes = {
	};
	objectVersion = 55;
	objects = {

/* Begin PBXBuildFile section */
		F66867A32967CD5A008B3EA1 /* StoryboardController.storyboard in Resources */ = {isa = PBXBuildFile; fileRef = F66867A22967CD5A008B3EA1 /* StoryboardController.storyboard */; };
		F66867A52967CF26008B3EA1 /* AproposViewController.swift in Sources */ = {isa = PBXBuildFile; fileRef = F66867A42967CF26008B3EA1 /* AproposViewController.swift */; };
		F66867A72967E908008B3EA1 /* auteur.storyboard in Resources */ = {isa = PBXBuildFile; fileRef = F66867A62967E908008B3EA1 /* auteur.storyboard */; };
		F6A3EF3829691F1E000AE919 /* MonCurseur.html in Resources */ = {isa = PBXBuildFile; fileRef = F6A3EF3729691F1E000AE919 /* MonCurseur.html */; };
		F6C50331295E84F30065CD3B /* AppDelegate.swift in Sources */ = {isa = PBXBuildFile; fileRef = F6C50330295E84F30065CD3B /* AppDelegate.swift */; };
		F6C50333295E84F30065CD3B /* SceneDelegate.swift in Sources */ = {isa = PBXBuildFile; fileRef = F6C50332295E84F30065CD3B /* SceneDelegate.swift */; };
		F6C50335295E84F30065CD3B /* ViewController.swift in Sources */ = {isa = PBXBuildFile; fileRef = F6C50334295E84F30065CD3B /* ViewController.swift */; };
		F6C50338295E84F30065CD3B /* Main.storyboard in Resources */ = {isa = PBXBuildFile; fileRef = F6C50336295E84F30065CD3B /* Main.storyboard */; };
		F6C5033A295E84FA0065CD3B /* Assets.xcassets in Resources */ = {isa = PBXBuildFile; fileRef = F6C50339295E84FA0065CD3B /* Assets.xcassets */; };
		F6C5033D295E84FA0065CD3B /* LaunchScreen.storyboard in Resources */ = {isa = PBXBuildFile; fileRef = F6C5033B295E84FA0065CD3B /* LaunchScreen.storyboard */; };
/* End PBXBuildFile section */

/* Begin PBXFileReference section */
		F66867A22967CD5A008B3EA1 /* StoryboardController.storyboard */ = {isa = PBXFileReference; lastKnownFileType = file.storyboard; path = StoryboardController.storyboard; sourceTree = "<group>"; };
		F66867A42967CF26008B3EA1 /* AproposViewController.swift */ = {isa = PBXFileReference; lastKnownFileType = sourcecode.swift; path = AproposViewController.swift; sourceTree = "<group>"; };
		F66867A62967E908008B3EA1 /* auteur.storyboard */ = {isa = PBXFileReference; lastKnownFileType = file.storyboard; path = auteur.storyboard; sourceTree = "<group>"; };
		F6A3EF3729691F1E000AE919 /* MonCurseur.html */ = {isa = PBXFileReference; fileEncoding = 4; lastKnownFileType = text.html; name = MonCurseur.html; path = ../../MonCurseur.html; sourceTree = "<group>"; };
		F6C5032D295E84F30065CD3B /* MonCurseur.app */ = {isa = PBXFileReference; explicitFileType = wrapper.application; includeInIndex = 0; path = MonCurseur.app; sourceTree = BUILT_PRODUCTS_DIR; };
		F6C50330295E84F30065CD3B /* AppDelegate.swift */ = {isa = PBXFileReference; lastKnownFileType = sourcecode.swift; path = AppDelegate.swift; sourceTree = "<group>"; };
		F6C50332295E84F30065CD3B /* SceneDelegate.swift */ = {isa = PBXFileReference; lastKnownFileType = sourcecode.swift; path = SceneDelegate.swift; sourceTree = "<group>"; };
		F6C50334295E84F30065CD3B /* ViewController.swift */ = {isa = PBXFileReference; lastKnownFileType = sourcecode.swift; path = ViewController.swift; sourceTree = "<group>"; };
		F6C50337295E84F30065CD3B /* Base */ = {isa = PBXFileReference; lastKnownFileType = file.storyboard; name = Base; path = Base.lproj/Main.storyboard; sourceTree = "<group>"; };
		F6C50339295E84FA0065CD3B /* Assets.xcassets */ = {isa = PBXFileReference; lastKnownFileType = folder.assetcatalog; path = Assets.xcassets; sourceTree = "<group>"; };
		F6C5033C295E84FA0065CD3B /* Base */ = {isa = PBXFileReference; lastKnownFileType = file.storyboard; name = Base; path = Base.lproj/LaunchScreen.storyboard; sourceTree = "<group>"; };
		F6C5033E295E84FA0065CD3B /* Info.plist */ = {isa = PBXFileReference; lastKnownFileType = text.plist.xml; path = Info.plist; sourceTree = "<group>"; };
/* End PBXFileReference section */

/* Begin PBXFrameworksBuildPhase section */
		F6C5032A295E84F30065CD3B /* Frameworks */ = {
			isa = PBXFrameworksBuildPhase;
			buildActionMask = 2147483647;
			files = (
			);
			runOnlyForDeploymentPostprocessing = 0;
		};
/* End PBXFrameworksBuildPhase section */

/* Begin PBXGroup section */
		F6C50324295E84F30065CD3B = {
			isa = PBXGroup;
			children = (
				F6C5032F295E84F30065CD3B /* MonCurseur */,
				F6C5032E295E84F30065CD3B /* Products */,
			);
			sourceTree = "<group>";
		};
		F6C5032E295E84F30065CD3B /* Products */ = {
			isa = PBXGroup;
			children = (
				F6C5032D295E84F30065CD3B /* MonCurseur.app */,
			);
			name = Products;
			sourceTree = "<group>";
		};
		F6C5032F295E84F30065CD3B /* MonCurseur */ = {
			isa = PBXGroup;
			children = (
				F6C50330295E84F30065CD3B /* AppDelegate.swift */,
				F6C50332295E84F30065CD3B /* SceneDelegate.swift */,
				F6C50334295E84F30065CD3B /* ViewController.swift */,
				F6C50336295E84F30065CD3B /* Main.storyboard */,
				F6C50339295E84FA0065CD3B /* Assets.xcassets */,
				F6C5033B295E84FA0065CD3B /* LaunchScreen.storyboard */,
				F6A3EF3729691F1E000AE919 /* MonCurseur.html */,
				F66867A42967CF26008B3EA1 /* AproposViewController.swift */,
				F66867A22967CD5A008B3EA1 /* StoryboardController.storyboard */,
				F66867A62967E908008B3EA1 /* auteur.storyboard */,
				F6C5033E295E84FA0065CD3B /* Info.plist */,
			);
			path = MonCurseur;
			sourceTree = "<group>";
		};
/* End PBXGroup section */

/* Begin PBXNativeTarget section */
		F6C5032C295E84F30065CD3B /* MonCurseur */ = {
			isa = PBXNativeTarget;
			buildConfigurationList = F6C50341295E84FA0065CD3B /* Build configuration list for PBXNativeTarget "MonCurseur" */;
			buildPhases = (
				F6C50329295E84F30065CD3B /* Sources */,
				F6C5032A295E84F30065CD3B /* Frameworks */,
				F6C5032B295E84F30065CD3B /* Resources */,
			);
			buildRules = (
			);
			dependencies = (
			);
			name = MonCurseur;
			productName = MonCurseur;
			productReference = F6C5032D295E84F30065CD3B /* MonCurseur.app */;
			productType = "com.apple.product-type.application";
		};
/* End PBXNativeTarget section */

/* Begin PBXProject section */
		F6C50325295E84F30065CD3B /* Project object */ = {
			isa = PBXProject;
			attributes = {
				BuildIndependentTargetsInParallel = 1;
				LastSwiftUpdateCheck = 1340;
				LastUpgradeCheck = 1340;
				TargetAttributes = {
					F6C5032C295E84F30065CD3B = {
						CreatedOnToolsVersion = 13.4.1;
					};
				};
			};
			buildConfigurationList = F6C50328295E84F30065CD3B /* Build configuration list for PBXProject "MonCurseur" */;
			compatibilityVersion = "Xcode 13.0";
			developmentRegion = en;
			hasScannedForEncodings = 0;
			knownRegions = (
				en,
				Base,
			);
			mainGroup = F6C50324295E84F30065CD3B;
			productRefGroup = F6C5032E295E84F30065CD3B /* Products */;
			projectDirPath = "";
			projectRoot = "";
			targets = (
				F6C5032C295E84F30065CD3B /* MonCurseur */,
			);
		};
/* End PBXProject section */

/* Begin PBXResourcesBuildPhase section */
		F6C5032B295E84F30065CD3B /* Resources */ = {
			isa = PBXResourcesBuildPhase;
			buildActionMask = 2147483647;
			files = (
				F6C5033D295E84FA0065CD3B /* LaunchScreen.storyboard in Resources */,
				F6C5033A295E84FA0065CD3B /* Assets.xcassets in Resources */,
				F6C50338295E84F30065CD3B /* Main.storyboard in Resources */,
				F66867A72967E908008B3EA1 /* auteur.storyboard in Resources */,
				F66867A32967CD5A008B3EA1 /* StoryboardController.storyboard in Resources */,
				F6A3EF3829691F1E000AE919 /* MonCurseur.html in Resources */,
			);
			runOnlyForDeploymentPostprocessing = 0;
		};
/* End PBXResourcesBuildPhase section */

/* Begin PBXSourcesBuildPhase section */
		F6C50329295E84F30065CD3B /* Sources */ = {
			isa = PBXSourcesBuildPhase;
			buildActionMask = 2147483647;
			files = (
				F6C50335295E84F30065CD3B /* ViewController.swift in Sources */,
				F66867A52967CF26008B3EA1 /* AproposViewController.swift in Sources */,
				F6C50331295E84F30065CD3B /* AppDelegate.swift in Sources */,
				F6C50333295E84F30065CD3B /* SceneDelegate.swift in Sources */,
			);
			runOnlyForDeploymentPostprocessing = 0;
		};
/* End PBXSourcesBuildPhase section */

/* Begin PBXVariantGroup section */
		F6C50336295E84F30065CD3B /* Main.storyboard */ = {
			isa = PBXVariantGroup;
			children = (
				F6C50337295E84F30065CD3B /* Base */,
			);
			name = Main.storyboard;
			sourceTree = "<group>";
		};
		F6C5033B295E84FA0065CD3B /* LaunchScreen.storyboard */ = {
			isa = PBXVariantGroup;
			children = (
				F6C5033C295E84FA0065CD3B /* Base */,
			);
			name = LaunchScreen.storyboard;
			sourceTree = "<group>";
		};
/* End PBXVariantGroup section */

/* Begin XCBuildConfiguration section */
		F6C5033F295E84FA0065CD3B /* Debug */ = {
			isa = XCBuildConfiguration;
			buildSettings = {
				ALWAYS_SEARCH_USER_PATHS = NO;
				CLANG_ANALYZER_NONNULL = YES;
				CLANG_ANALYZER_NUMBER_OBJECT_CONVERSION = YES_AGGRESSIVE;
				CLANG_CXX_LANGUAGE_STANDARD = "gnu++17";
				CLANG_ENABLE_MODULES = YES;
				CLANG_ENABLE_OBJC_ARC = YES;
				CLANG_ENABLE_OBJC_WEAK = YES;
				CLANG_WARN_BLOCK_CAPTURE_AUTORELEASING = YES;
				CLANG_WARN_BOOL_CONVERSION = YES;
				CLANG_WARN_COMMA = YES;
				CLANG_WARN_CONSTANT_CONVERSION = YES;
				CLANG_WARN_DEPRECATED_OBJC_IMPLEMENTATIONS = YES;
				CLANG_WARN_DIRECT_OBJC_ISA_USAGE = YES_ERROR;
				CLANG_WARN_DOCUMENTATION_COMMENTS = YES;
				CLANG_WARN_EMPTY_BODY = YES;
				CLANG_WARN_ENUM_CONVERSION = YES;
				CLANG_WARN_INFINITE_RECURSION = YES;
				CLANG_WARN_INT_CONVERSION = YES;
				CLANG_WARN_NON_LITERAL_NULL_CONVERSION = YES;
				CLANG_WARN_OBJC_IMPLICIT_RETAIN_SELF = YES;
				CLANG_WARN_OBJC_LITERAL_CONVERSION = YES;
				CLANG_WARN_OBJC_ROOT_CLASS = YES_ERROR;
				CLANG_WARN_QUOTED_INCLUDE_IN_FRAMEWORK_HEADER = YES;
				CLANG_WARN_RANGE_LOOP_ANALYSIS = YES;
				CLANG_WARN_STRICT_PROTOTYPES = YES;
				CLANG_WARN_SUSPICIOUS_MOVE = YES;
				CLANG_WARN_UNGUARDED_AVAILABILITY = YES_AGGRESSIVE;
				CLANG_WARN_UNREACHABLE_CODE = YES;
				CLANG_WARN__DUPLICATE_METHOD_MATCH = YES;
				COPY_PHASE_STRIP = NO;
				DEBUG_INFORMATION_FORMAT = dwarf;
				ENABLE_STRICT_OBJC_MSGSEND = YES;
				ENABLE_TESTABILITY = YES;
				GCC_C_LANGUAGE_STANDARD = gnu11;
				GCC_DYNAMIC_NO_PIC = NO;
				GCC_NO_COMMON_BLOCKS = YES;
				GCC_OPTIMIZATION_LEVEL = 0;
				GCC_PREPROCESSOR_DEFINITIONS = (
					"DEBUG=1",
					"$(inherited)",
				);
				GCC_WARN_64_TO_32_BIT_CONVERSION = YES;
				GCC_WARN_ABOUT_RETURN_TYPE = YES_ERROR;
				GCC_WARN_UNDECLARED_SELECTOR = YES;
				GCC_WARN_UNINITIALIZED_AUTOS = YES_AGGRESSIVE;
				GCC_WARN_UNUSED_FUNCTION = YES;
				GCC_WARN_UNUSED_VARIABLE = YES;
				IPHONEOS_DEPLOYMENT_TARGET = 15.5;
				MTL_ENABLE_DEBUG_INFO = INCLUDE_SOURCE;
				MTL_FAST_MATH = YES;
				ONLY_ACTIVE_ARCH = YES;
				SDKROOT = iphoneos;
				SWIFT_ACTIVE_COMPILATION_CONDITIONS = DEBUG;
				SWIFT_OPTIMIZATION_LEVEL = "-Onone";
			};
			name = Debug;
		};
		F6C50340295E84FA0065CD3B /* Release */ = {
			isa = XCBuildConfiguration;
			buildSettings = {
				ALWAYS_SEARCH_USER_PATHS = NO;
				CLANG_ANALYZER_NONNULL = YES;
				CLANG_ANALYZER_NUMBER_OBJECT_CONVERSION = YES_AGGRESSIVE;
				CLANG_CXX_LANGUAGE_STANDARD = "gnu++17";
				CLANG_ENABLE_MODULES = YES;
				CLANG_ENABLE_OBJC_ARC = YES;
				CLANG_ENABLE_OBJC_WEAK = YES;
				CLANG_WARN_BLOCK_CAPTURE_AUTORELEASING = YES;
				CLANG_WARN_BOOL_CONVERSION = YES;
				CLANG_WARN_COMMA = YES;
				CLANG_WARN_CONSTANT_CONVERSION = YES;
				CLANG_WARN_DEPRECATED_OBJC_IMPLEMENTATIONS = YES;
				CLANG_WARN_DIRECT_OBJC_ISA_USAGE = YES_ERROR;
				CLANG_WARN_DOCUMENTATION_COMMENTS = YES;
				CLANG_WARN_EMPTY_BODY = YES;
				CLANG_WARN_ENUM_CONVERSION = YES;
				CLANG_WARN_INFINITE_RECURSION = YES;
				CLANG_WARN_INT_CONVERSION = YES;
				CLANG_WARN_NON_LITERAL_NULL_CONVERSION = YES;
				CLANG_WARN_OBJC_IMPLICIT_RETAIN_SELF = YES;
				CLANG_WARN_OBJC_LITERAL_CONVERSION = YES;
				CLANG_WARN_OBJC_ROOT_CLASS = YES_ERROR;
				CLANG_WARN_QUOTED_INCLUDE_IN_FRAMEWORK_HEADER = YES;
				CLANG_WARN_RANGE_LOOP_ANALYSIS = YES;
				CLANG_WARN_STRICT_PROTOTYPES = YES;
				CLANG_WARN_SUSPICIOUS_MOVE = YES;
				CLANG_WARN_UNGUARDED_AVAILABILITY = YES_AGGRESSIVE;
				CLANG_WARN_UNREACHABLE_CODE = YES;
				CLANG_WARN__DUPLICATE_METHOD_MATCH = YES;
				COPY_PHASE_STRIP = NO;
				DEBUG_INFORMATION_FORMAT = "dwarf-with-dsym";
				ENABLE_NS_ASSERTIONS = NO;
				ENABLE_STRICT_OBJC_MSGSEND = YES;
				GCC_C_LANGUAGE_STANDARD = gnu11;
				GCC_NO_COMMON_BLOCKS = YES;
				GCC_WARN_64_TO_32_BIT_CONVERSION = YES;
				GCC_WARN_ABOUT_RETURN_TYPE = YES_ERROR;
				GCC_WARN_UNDECLARED_SELECTOR = YES;
				GCC_WARN_UNINITIALIZED_AUTOS = YES_AGGRESSIVE;
				GCC_WARN_UNUSED_FUNCTION = YES;
				GCC_WARN_UNUSED_VARIABLE = YES;
				IPHONEOS_DEPLOYMENT_TARGET = 15.5;
				MTL_ENABLE_DEBUG_INFO = NO;
				MTL_FAST_MATH = YES;
				SDKROOT = iphoneos;
				SWIFT_COMPILATION_MODE = wholemodule;
				SWIFT_OPTIMIZATION_LEVEL = "-O";
				VALIDATE_PRODUCT = YES;
			};
			name = Release;
		};
		F6C50342295E84FA0065CD3B /* Debug */ = {
			isa = XCBuildConfiguration;
			buildSettings = {
				ASSETCATALOG_COMPILER_APPICON_NAME = AppIcon;
				ASSETCATALOG_COMPILER_GLOBAL_ACCENT_COLOR_NAME = AccentColor;
				CODE_SIGN_STYLE = Automatic;
				CURRENT_PROJECT_VERSION = 1;
				DEVELOPMENT_TEAM = 9TSQ92962C;
				GENERATE_INFOPLIST_FILE = YES;
				INFOPLIST_FILE = MonCurseur/Info.plist;
				INFOPLIST_KEY_UIApplicationSupportsIndirectInputEvents = YES;
				INFOPLIST_KEY_UILaunchStoryboardName = LaunchScreen;
				INFOPLIST_KEY_UIMainStoryboardFile = Main;
				INFOPLIST_KEY_UISupportedInterfaceOrientations = "UIInterfaceOrientationLandscapeLeft UIInterfaceOrientationLandscapeRight";
				INFOPLIST_KEY_UISupportedInterfaceOrientations_iPad = "UIInterfaceOrientationPortrait UIInterfaceOrientationPortraitUpsideDown UIInterfaceOrientationLandscapeLeft UIInterfaceOrientationLandscapeRight";
				INFOPLIST_KEY_UISupportedInterfaceOrientations_iPhone = "UIInterfaceOrientationPortrait UIInterfaceOrientationLandscapeLeft UIInterfaceOrientationLandscapeRight";
				LD_RUNPATH_SEARCH_PATHS = (
					"$(inherited)",
					"@executable_path/Frameworks",
				);
				MARKETING_VERSION = 1.0;
				PRODUCT_BUNDLE_IDENTIFIER = APPcenter.MonCurseur;
				PRODUCT_NAME = "$(TARGET_NAME)";
				SWIFT_EMIT_LOC_STRINGS = YES;
				SWIFT_VERSION = 5.0;
				TARGETED_DEVICE_FAMILY = "1,2";
			};
			name = Debug;
		};
		F6C50343295E84FA0065CD3B /* Release */ = {
			isa = XCBuildConfiguration;
			buildSettings = {
				ASSETCATALOG_COMPILER_APPICON_NAME = AppIcon;
				ASSETCATALOG_COMPILER_GLOBAL_ACCENT_COLOR_NAME = AccentColor;
				CODE_SIGN_STYLE = Automatic;
				CURRENT_PROJECT_VERSION = 1;
				DEVELOPMENT_TEAM = 9TSQ92962C;
				GENERATE_INFOPLIST_FILE = YES;
				INFOPLIST_FILE = MonCurseur/Info.plist;
				INFOPLIST_KEY_UIApplicationSupportsIndirectInputEvents = YES;
				INFOPLIST_KEY_UILaunchStoryboardName = LaunchScreen;
				INFOPLIST_KEY_UIMainStoryboardFile = Main;
				INFOPLIST_KEY_UISupportedInterfaceOrientations = "UIInterfaceOrientationLandscapeLeft UIInterfaceOrientationLandscapeRight";
				INFOPLIST_KEY_UISupportedInterfaceOrientations_iPad = "UIInterfaceOrientationPortrait UIInterfaceOrientationPortraitUpsideDown UIInterfaceOrientationLandscapeLeft UIInterfaceOrientationLandscapeRight";
				INFOPLIST_KEY_UISupportedInterfaceOrientations_iPhone = "UIInterfaceOrientationPortrait UIInterfaceOrientationLandscapeLeft UIInterfaceOrientationLandscapeRight";
				LD_RUNPATH_SEARCH_PATHS = (
					"$(inherited)",
					"@executable_path/Frameworks",
				);
				MARKETING_VERSION = 1.0;
				PRODUCT_BUNDLE_IDENTIFIER = APPcenter.MonCurseur;
				PRODUCT_NAME = "$(TARGET_NAME)";
				SWIFT_EMIT_LOC_STRINGS = YES;
				SWIFT_VERSION = 5.0;
				TARGETED_DEVICE_FAMILY = "1,2";
			};
			name = Release;
		};
/* End XCBuildConfiguration section */

/* Begin XCConfigurationList section */
		F6C50328295E84F30065CD3B /* Build configuration list for PBXProject "MonCurseur" */ = {
			isa = XCConfigurationList;
			buildConfigurations = (
				F6C5033F295E84FA0065CD3B /* Debug */,
				F6C50340295E84FA0065CD3B /* Release */,
			);
			defaultConfigurationIsVisible = 0;
			defaultConfigurationName = Release;
		};
		F6C50341295E84FA0065CD3B /* Build configuration list for PBXNativeTarget "MonCurseur" */ = {
			isa = XCConfigurationList;
			buildConfigurations = (
				F6C50342295E84FA0065CD3B /* Debug */,
				F6C50343295E84FA0065CD3B /* Release */,
			);
			defaultConfigurationIsVisible = 0;
			defaultConfigurationName = Release;
		};
/* End XCConfigurationList section */
	};
	rootObject = F6C50325295E84F30065CD3B /* Project object */;
}
